
Microsoft Visual Studio Solution File, Format Version 12.00
# Visual Studio 15
VisualStudioVersion = 15.0.26430.13
MinimumVisualStudioVersion = 10.0.40219.1
Project("{2150E333-8FDC-42A3-9474-1A3956D46DE8}") = "Solution Items", "Solution Items", "{42FCE43E-65BD-4E55-8BA3-60334E03ECD0}"
	ProjectSection(SolutionItems) = preProject
		LICENSE.txt = LICENSE.txt
	EndProjectSection
EndProject
Project("{00D1A9C2-B5F0-4AF3-8072-F6C62B433612}") = "EAVDatabase", "EAVDatabase\EAVDatabase.sqlproj", "{57B0D352-90BE-4878-ABB7-4FAE7C2963CA}"
EndProject
Project("{9A19103F-16F7-4668-BE54-9A1E7A4F7556}") = "EAV", "EAV\EAV.csproj", "{DE98CD45-4020-44ED-A4A8-98D0BE529C4F}"
EndProject
Project("{9A19103F-16F7-4668-BE54-9A1E7A4F7556}") = "EAV.Store", "EAVStore\EAV.Store.csproj", "{A626330A-E997-4A38-8DCE-E68A0CDEC2C7}"
EndProject
Project("{9A19103F-16F7-4668-BE54-9A1E7A4F7556}") = "EAVStoreLibrary", "EAVStoreLibrary\EAVStoreLibrary.csproj", "{9C8CDF6D-C642-4F80-AFD6-15AECC630FB1}"
EndProject
Project("{FAE04EC0-301F-11D3-BF4B-00C04F79EFBC}") = "EAVStoreClient", "EAVStoreClient\EAVStoreClient.csproj", "{A02D3434-1EF6-4EF5-91AD-52708127A3AC}"
EndProject
Project("{FAE04EC0-301F-11D3-BF4B-00C04F79EFBC}") = "EAVStoreClient_Test", "EAVStoreClientTest\EAVStoreClient_Test.csproj", "{82E345EA-964B-419D-BF90-25FCF0C62C42}"
EndProject
Project("{9A19103F-16F7-4668-BE54-9A1E7A4F7556}") = "EAV.Model", "EAVModel\EAV.Model.csproj", "{D4644B20-9739-472F-8FA0-1761597B6314}"
EndProject
Project("{9A19103F-16F7-4668-BE54-9A1E7A4F7556}") = "EAVModelLibrary", "EAVModelLibrary\EAVModelLibrary.csproj", "{F4DBD4B1-D24E-4CCB-B62C-BE8031593557}"
EndProject
Project("{FAE04EC0-301F-11D3-BF4B-00C04F79EFBC}") = "EAVModelLibrary_Test", "EAVModelLibraryTest\EAVModelLibrary_Test.csproj", "{D22882F8-405C-42B6-9E70-4A822F300BA6}"
EndProject
Project("{FAE04EC0-301F-11D3-BF4B-00C04F79EFBC}") = "EAVModelClient", "EAVModelClient\EAVModelClient.csproj", "{E14A47C9-DEF4-4A96-9922-481939F880F8}"
EndProject
Project("{FAE04EC0-301F-11D3-BF4B-00C04F79EFBC}") = "EAVWebService", "EAVWebService\EAVWebService.csproj", "{3D9F9D32-8746-48CA-BF55-247C0C37F1A1}"
EndProject
Project("{FAE04EC0-301F-11D3-BF4B-00C04F79EFBC}") = "EAVWebService_Test", "EAVWebServiceTest\EAVWebService_Test.csproj", "{09855A5B-32EF-47FC-B635-EAD76E6D477C}"
EndProject
Project("{FAE04EC0-301F-11D3-BF4B-00C04F79EFBC}") = "EAVWebApplication", "EAVWebApplication\EAVWebApplication.csproj", "{9AA037A7-64C0-4DB9-AAE4-A342EC17D049}"
EndProject
Project("{FAE04EC0-301F-11D3-BF4B-00C04F79EFBC}") = "EAVSandbox", "EAVSandbox\EAVSandbox.csproj", "{16C5E808-F627-4CC0-885F-94B5B0456948}"
EndProject
Project("{FAE04EC0-301F-11D3-BF4B-00C04F79EFBC}") = "EAVStoreLibrary_Test", "EAVStoreLibrary_Test\EAVStoreLibrary_Test.csproj", "{FAD96425-3108-48C4-AD3C-AF0A6E3A072A}"
EndProject
Global
	GlobalSection(SolutionConfigurationPlatforms) = preSolution
		Debug|Any CPU = Debug|Any CPU
		Release|Any CPU = Release|Any CPU
	EndGlobalSection
	GlobalSection(ProjectConfigurationPlatforms) = postSolution
		{57B0D352-90BE-4878-ABB7-4FAE7C2963CA}.Debug|Any CPU.ActiveCfg = Debug|Any CPU
		{57B0D352-90BE-4878-ABB7-4FAE7C2963CA}.Debug|Any CPU.Build.0 = Debug|Any CPU
		{57B0D352-90BE-4878-ABB7-4FAE7C2963CA}.Release|Any CPU.ActiveCfg = Release|Any CPU
		{57B0D352-90BE-4878-ABB7-4FAE7C2963CA}.Release|Any CPU.Build.0 = Release|Any CPU
		{57B0D352-90BE-4878-ABB7-4FAE7C2963CA}.Release|Any CPU.Deploy.0 = Release|Any CPU
		{DE98CD45-4020-44ED-A4A8-98D0BE529C4F}.Debug|Any CPU.ActiveCfg = Debug|Any CPU
		{DE98CD45-4020-44ED-A4A8-98D0BE529C4F}.Debug|Any CPU.Build.0 = Debug|Any CPU
		{DE98CD45-4020-44ED-A4A8-98D0BE529C4F}.Release|Any CPU.ActiveCfg = Release|Any CPU
		{DE98CD45-4020-44ED-A4A8-98D0BE529C4F}.Release|Any CPU.Build.0 = Release|Any CPU
		{A626330A-E997-4A38-8DCE-E68A0CDEC2C7}.Debug|Any CPU.ActiveCfg = Debug|Any CPU
		{A626330A-E997-4A38-8DCE-E68A0CDEC2C7}.Debug|Any CPU.Build.0 = Debug|Any CPU
		{A626330A-E997-4A38-8DCE-E68A0CDEC2C7}.Release|Any CPU.ActiveCfg = Release|Any CPU
		{A626330A-E997-4A38-8DCE-E68A0CDEC2C7}.Release|Any CPU.Build.0 = Release|Any CPU
		{9C8CDF6D-C642-4F80-AFD6-15AECC630FB1}.Debug|Any CPU.ActiveCfg = Debug|Any CPU
		{9C8CDF6D-C642-4F80-AFD6-15AECC630FB1}.Debug|Any CPU.Build.0 = Debug|Any CPU
		{9C8CDF6D-C642-4F80-AFD6-15AECC630FB1}.Release|Any CPU.ActiveCfg = Release|Any CPU
		{9C8CDF6D-C642-4F80-AFD6-15AECC630FB1}.Release|Any CPU.Build.0 = Release|Any CPU
		{A02D3434-1EF6-4EF5-91AD-52708127A3AC}.Debug|Any CPU.ActiveCfg = Debug|Any CPU
		{A02D3434-1EF6-4EF5-91AD-52708127A3AC}.Debug|Any CPU.Build.0 = Debug|Any CPU
		{A02D3434-1EF6-4EF5-91AD-52708127A3AC}.Release|Any CPU.ActiveCfg = Release|Any CPU
		{A02D3434-1EF6-4EF5-91AD-52708127A3AC}.Release|Any CPU.Build.0 = Release|Any CPU
		{82E345EA-964B-419D-BF90-25FCF0C62C42}.Debug|Any CPU.ActiveCfg = Debug|Any CPU
		{82E345EA-964B-419D-BF90-25FCF0C62C42}.Debug|Any CPU.Build.0 = Debug|Any CPU
		{82E345EA-964B-419D-BF90-25FCF0C62C42}.Release|Any CPU.ActiveCfg = Release|Any CPU
		{82E345EA-964B-419D-BF90-25FCF0C62C42}.Release|Any CPU.Build.0 = Release|Any CPU
		{D4644B20-9739-472F-8FA0-1761597B6314}.Debug|Any CPU.ActiveCfg = Debug|Any CPU
		{D4644B20-9739-472F-8FA0-1761597B6314}.Debug|Any CPU.Build.0 = Debug|Any CPU
		{D4644B20-9739-472F-8FA0-1761597B6314}.Release|Any CPU.ActiveCfg = Release|Any CPU
		{D4644B20-9739-472F-8FA0-1761597B6314}.Release|Any CPU.Build.0 = Release|Any CPU
		{F4DBD4B1-D24E-4CCB-B62C-BE8031593557}.Debug|Any CPU.ActiveCfg = Debug|Any CPU
		{F4DBD4B1-D24E-4CCB-B62C-BE8031593557}.Debug|Any CPU.Build.0 = Debug|Any CPU
		{F4DBD4B1-D24E-4CCB-B62C-BE8031593557}.Release|Any CPU.ActiveCfg = Release|Any CPU
		{F4DBD4B1-D24E-4CCB-B62C-BE8031593557}.Release|Any CPU.Build.0 = Release|Any CPU
		{D22882F8-405C-42B6-9E70-4A822F300BA6}.Debug|Any CPU.ActiveCfg = Debug|Any CPU
		{D22882F8-405C-42B6-9E70-4A822F300BA6}.Debug|Any CPU.Build.0 = Debug|Any CPU
		{D22882F8-405C-42B6-9E70-4A822F300BA6}.Release|Any CPU.ActiveCfg = Release|Any CPU
		{D22882F8-405C-42B6-9E70-4A822F300BA6}.Release|Any CPU.Build.0 = Release|Any CPU
		{E14A47C9-DEF4-4A96-9922-481939F880F8}.Debug|Any CPU.ActiveCfg = Debug|Any CPU
		{E14A47C9-DEF4-4A96-9922-481939F880F8}.Debug|Any CPU.Build.0 = Debug|Any CPU
		{E14A47C9-DEF4-4A96-9922-481939F880F8}.Release|Any CPU.ActiveCfg = Release|Any CPU
		{E14A47C9-DEF4-4A96-9922-481939F880F8}.Release|Any CPU.Build.0 = Release|Any CPU
		{3D9F9D32-8746-48CA-BF55-247C0C37F1A1}.Debug|Any CPU.ActiveCfg = Debug|Any CPU
		{3D9F9D32-8746-48CA-BF55-247C0C37F1A1}.Debug|Any CPU.Build.0 = Debug|Any CPU
		{3D9F9D32-8746-48CA-BF55-247C0C37F1A1}.Release|Any CPU.ActiveCfg = Release|Any CPU
		{3D9F9D32-8746-48CA-BF55-247C0C37F1A1}.Release|Any CPU.Build.0 = Release|Any CPU
		{09855A5B-32EF-47FC-B635-EAD76E6D477C}.Debug|Any CPU.ActiveCfg = Debug|Any CPU
		{09855A5B-32EF-47FC-B635-EAD76E6D477C}.Debug|Any CPU.Build.0 = Debug|Any CPU
		{09855A5B-32EF-47FC-B635-EAD76E6D477C}.Release|Any CPU.ActiveCfg = Release|Any CPU
		{09855A5B-32EF-47FC-B635-EAD76E6D477C}.Release|Any CPU.Build.0 = Release|Any CPU
		{9AA037A7-64C0-4DB9-AAE4-A342EC17D049}.Debug|Any CPU.ActiveCfg = Debug|Any CPU
		{9AA037A7-64C0-4DB9-AAE4-A342EC17D049}.Debug|Any CPU.Build.0 = Debug|Any CPU
		{9AA037A7-64C0-4DB9-AAE4-A342EC17D049}.Release|Any CPU.ActiveCfg = Release|Any CPU
		{9AA037A7-64C0-4DB9-AAE4-A342EC17D049}.Release|Any CPU.Build.0 = Release|Any CPU
		{16C5E808-F627-4CC0-885F-94B5B0456948}.Debug|Any CPU.ActiveCfg = Debug|Any CPU
		{16C5E808-F627-4CC0-885F-94B5B0456948}.Release|Any CPU.ActiveCfg = Release|Any CPU
		{16C5E808-F627-4CC0-885F-94B5B0456948}.Release|Any CPU.Build.0 = Release|Any CPU
		{FAD96425-3108-48C4-AD3C-AF0A6E3A072A}.Debug|Any CPU.ActiveCfg = Debug|Any CPU
		{FAD96425-3108-48C4-AD3C-AF0A6E3A072A}.Debug|Any CPU.Build.0 = Debug|Any CPU
		{FAD96425-3108-48C4-AD3C-AF0A6E3A072A}.Release|Any CPU.ActiveCfg = Release|Any CPU
		{FAD96425-3108-48C4-AD3C-AF0A6E3A072A}.Release|Any CPU.Build.0 = Release|Any CPU
	EndGlobalSection
	GlobalSection(SolutionProperties) = preSolution
		HideSolutionNode = FALSE
	EndGlobalSection
	GlobalSection(ExtensibilityGlobals) = postSolution
		SolutionGuid = {9ABB6AD0-E542-404B-9EE7-E929B05DE135}
	EndGlobalSection
EndGlobal
